
Microsoft Visual Studio Solution File, Format Version 11.00
# Visual Studio 2010
Project("{8BC9CEB8-8B4A-11D0-8D11-00A0C91BC942}") = "first", "first\first.vcxproj", "{C41A2B3A-E8DA-4A8D-9C27-369871EEFD7E}"
EndProject
Global
	GlobalSection(SolutionConfigurationPlatforms) = preSolution
		Debug|Win32 = Debug|Win32
		Release|Win32 = Release|Win32
	EndGlobalSection
	GlobalSection(ProjectConfigurationPlatforms) = postSolution
		{C41A2B3A-E8DA-4A8D-9C27-369871EEFD7E}.Debug|Win32.ActiveCfg = Debug|Win32
		{C41A2B3A-E8DA-4A8D-9C27-369871EEFD7E}.Debug|Win32.Build.0 = Debug|Win32
		{C41A2B3A-E8DA-4A8D-9C27-369871EEFD7E}.Release|Win32.ActiveCfg = Release|Win32
		{C41A2B3A-E8DA-4A8D-9C27-369871EEFD7E}.Release|Win32.Build.0 = Release|Win32
	EndGlobalSection
	GlobalSection(SolutionProperties) = preSolution
		HideSolutionNode = FALSE
	EndGlobalSection
EndGlobal
